
Microsoft Visual Studio Solution File, Format Version 12.00
# Visual Studio Version 16
VisualStudioVersion = 16.0.30611.23
MinimumVisualStudioVersion = 10.0.40219.1
Project("{FAE04EC0-301F-11D3-BF4B-00C04F79EFBC}") = "Lecture7", "Lecture7\Lecture7.csproj", "{0E7AF80E-57C6-4CAE-BB9D-9B7B484B4924}"
EndProject
Global
	GlobalSection(SolutionConfigurationPlatforms) = preSolution
		Debug|Any CPU = Debug|Any CPU
		Release|Any CPU = Release|Any CPU
	EndGlobalSection
	GlobalSection(ProjectConfigurationPlatforms) = postSolution
		{0E7AF80E-57C6-4CAE-BB9D-9B7B484B4924}.Debug|Any CPU.ActiveCfg = Debug|Any CPU
		{0E7AF80E-57C6-4CAE-BB9D-9B7B484B4924}.Debug|Any CPU.Build.0 = Debug|Any CPU
		{0E7AF80E-57C6-4CAE-BB9D-9B7B484B4924}.Release|Any CPU.ActiveCfg = Release|Any CPU
		{0E7AF80E-57C6-4CAE-BB9D-9B7B484B4924}.Release|Any CPU.Build.0 = Release|Any CPU
	EndGlobalSection
	GlobalSection(SolutionProperties) = preSolution
		HideSolutionNode = FALSE
	EndGlobalSection
	GlobalSection(ExtensibilityGlobals) = postSolution
		SolutionGuid = {991C70C5-8F62-4DCD-88DA-4893BCDB78C5}
	EndGlobalSection
EndGlobal
